
Microsoft Visual Studio Solution File, Format Version 12.00
# Visual Studio 15
VisualStudioVersion = 15.0.27130.2026
MinimumVisualStudioVersion = 10.0.40219.1
Project("{6EC3EE1D-3C4E-46DD-8F32-0CC8E7565705}") = "Mixter", "Mixter\Mixter.fsproj", "{0E3F86DB-33A9-43B8-BE48-9D16559D8601}"
EndProject
Project("{F2A71F9B-5D33-465A-A702-920D77279786}") = "Mixter.Tests", "Mixter.Tests\Mixter.Tests.fsproj", "{A056AA14-4939-4CFF-87F4-C5FBA4254095}"
EndProject
Project("{2150E333-8FDC-42A3-9474-1A3956D46DE8}") = "Solution Items", "Solution Items", "{92C34EC2-7108-45FC-B30C-509BF6084C9B}"
	ProjectSection(SolutionItems) = preProject
		.gitattributes = .gitattributes
		.gitignore = .gitignore
		paket.dependencies = paket.dependencies
		paket.lock = paket.lock
	EndProjectSection
EndProject
Global
	GlobalSection(SolutionConfigurationPlatforms) = preSolution
		Debug|Any CPU = Debug|Any CPU
		Release|Any CPU = Release|Any CPU
	EndGlobalSection
	GlobalSection(ProjectConfigurationPlatforms) = postSolution
		{0E3F86DB-33A9-43B8-BE48-9D16559D8601}.Debug|Any CPU.ActiveCfg = Debug|Any CPU
		{0E3F86DB-33A9-43B8-BE48-9D16559D8601}.Debug|Any CPU.Build.0 = Debug|Any CPU
		{0E3F86DB-33A9-43B8-BE48-9D16559D8601}.Release|Any CPU.ActiveCfg = Release|Any CPU
		{0E3F86DB-33A9-43B8-BE48-9D16559D8601}.Release|Any CPU.Build.0 = Release|Any CPU
		{A056AA14-4939-4CFF-87F4-C5FBA4254095}.Debug|Any CPU.ActiveCfg = Debug|Any CPU
		{A056AA14-4939-4CFF-87F4-C5FBA4254095}.Debug|Any CPU.Build.0 = Debug|Any CPU
		{A056AA14-4939-4CFF-87F4-C5FBA4254095}.Release|Any CPU.ActiveCfg = Release|Any CPU
		{A056AA14-4939-4CFF-87F4-C5FBA4254095}.Release|Any CPU.Build.0 = Release|Any CPU
	EndGlobalSection
	GlobalSection(SolutionProperties) = preSolution
		HideSolutionNode = FALSE
	EndGlobalSection
	GlobalSection(ExtensibilityGlobals) = postSolution
		SolutionGuid = {3815EB27-7CE0-4E76-9FC4-7F6B5325A5FA}
	EndGlobalSection
EndGlobal
