
Microsoft Visual Studio Solution File, Format Version 12.00
# Visual Studio 14
VisualStudioVersion = 14.0.23107.0
MinimumVisualStudioVersion = 10.0.40219.1
Project("{FAE04EC0-301F-11D3-BF4B-00C04F79EFBC}") = "Mixter.Domain", "Mixter.Domain\Mixter.Domain.csproj", "{A63F9DDB-B5DD-4591-BEF4-4FBFD084298A}"
EndProject
Project("{FAE04EC0-301F-11D3-BF4B-00C04F79EFBC}") = "Mixter.Domain.Tests", "Mixter.Domain.Tests\Mixter.Domain.Tests.csproj", "{C268F78F-F9E1-4186-B576-7635311E72F4}"
EndProject
Project("{FAE04EC0-301F-11D3-BF4B-00C04F79EFBC}") = "Mixter.Infrastructure.Tests", "Mixter.Infrastructure.Tests\Mixter.Infrastructure.Tests.csproj", "{271B6CCD-FA4B-4628-A1E2-36D56E22DAF3}"
EndProject
Project("{FAE04EC0-301F-11D3-BF4B-00C04F79EFBC}") = "Mixter.Infrastructure", "Mixter.Infrastructure\Mixter.Infrastructure.csproj", "{E1A73846-D856-43CC-A22A-85934442FD95}"
EndProject
Project("{FAE04EC0-301F-11D3-BF4B-00C04F79EFBC}") = "Mixter.Web", "Mixter.Web\Mixter.Web.csproj", "{A2905B07-0508-48CF-8BE0-CD9A49E04766}"
EndProject
Global
	GlobalSection(SolutionConfigurationPlatforms) = preSolution
		Debug|Any CPU = Debug|Any CPU
		Release|Any CPU = Release|Any CPU
	EndGlobalSection
	GlobalSection(ProjectConfigurationPlatforms) = postSolution
		{A63F9DDB-B5DD-4591-BEF4-4FBFD084298A}.Debug|Any CPU.ActiveCfg = Debug|Any CPU
		{A63F9DDB-B5DD-4591-BEF4-4FBFD084298A}.Debug|Any CPU.Build.0 = Debug|Any CPU
		{A63F9DDB-B5DD-4591-BEF4-4FBFD084298A}.Release|Any CPU.ActiveCfg = Release|Any CPU
		{A63F9DDB-B5DD-4591-BEF4-4FBFD084298A}.Release|Any CPU.Build.0 = Release|Any CPU
		{C268F78F-F9E1-4186-B576-7635311E72F4}.Debug|Any CPU.ActiveCfg = Debug|Any CPU
		{C268F78F-F9E1-4186-B576-7635311E72F4}.Debug|Any CPU.Build.0 = Debug|Any CPU
		{C268F78F-F9E1-4186-B576-7635311E72F4}.Release|Any CPU.ActiveCfg = Release|Any CPU
		{C268F78F-F9E1-4186-B576-7635311E72F4}.Release|Any CPU.Build.0 = Release|Any CPU
		{271B6CCD-FA4B-4628-A1E2-36D56E22DAF3}.Debug|Any CPU.ActiveCfg = Debug|Any CPU
		{271B6CCD-FA4B-4628-A1E2-36D56E22DAF3}.Debug|Any CPU.Build.0 = Debug|Any CPU
		{271B6CCD-FA4B-4628-A1E2-36D56E22DAF3}.Release|Any CPU.ActiveCfg = Release|Any CPU
		{271B6CCD-FA4B-4628-A1E2-36D56E22DAF3}.Release|Any CPU.Build.0 = Release|Any CPU
		{E1A73846-D856-43CC-A22A-85934442FD95}.Debug|Any CPU.ActiveCfg = Debug|Any CPU
		{E1A73846-D856-43CC-A22A-85934442FD95}.Debug|Any CPU.Build.0 = Debug|Any CPU
		{E1A73846-D856-43CC-A22A-85934442FD95}.Release|Any CPU.ActiveCfg = Release|Any CPU
		{E1A73846-D856-43CC-A22A-85934442FD95}.Release|Any CPU.Build.0 = Release|Any CPU
		{A2905B07-0508-48CF-8BE0-CD9A49E04766}.Debug|Any CPU.ActiveCfg = Debug|Any CPU
		{A2905B07-0508-48CF-8BE0-CD9A49E04766}.Debug|Any CPU.Build.0 = Debug|Any CPU
		{A2905B07-0508-48CF-8BE0-CD9A49E04766}.Release|Any CPU.ActiveCfg = Release|Any CPU
		{A2905B07-0508-48CF-8BE0-CD9A49E04766}.Release|Any CPU.Build.0 = Release|Any CPU
	EndGlobalSection
	GlobalSection(SolutionProperties) = preSolution
		HideSolutionNode = FALSE
	EndGlobalSection
EndGlobal
